
Microsoft Visual Studio Solution File, Format Version 12.00
# Visual Studio Version 17
VisualStudioVersion = 17.3.32825.248
MinimumVisualStudioVersion = 10.0.40219.1
Project("{FAE04EC0-301F-11D3-BF4B-00C04F79EFBC}") = "RVP_3_Yurlova", "RVP_3_Yurlova\RVP_3_Yurlova.csproj", "{03145763-1E97-4131-A549-F73AC03A3107}"
EndProject
Global
	GlobalSection(SolutionConfigurationPlatforms) = preSolution
		Debug|Any CPU = Debug|Any CPU
		Release|Any CPU = Release|Any CPU
	EndGlobalSection
	GlobalSection(ProjectConfigurationPlatforms) = postSolution
		{03145763-1E97-4131-A549-F73AC03A3107}.Debug|Any CPU.ActiveCfg = Debug|Any CPU
		{03145763-1E97-4131-A549-F73AC03A3107}.Debug|Any CPU.Build.0 = Debug|Any CPU
		{03145763-1E97-4131-A549-F73AC03A3107}.Release|Any CPU.ActiveCfg = Release|Any CPU
		{03145763-1E97-4131-A549-F73AC03A3107}.Release|Any CPU.Build.0 = Release|Any CPU
	EndGlobalSection
	GlobalSection(SolutionProperties) = preSolution
		HideSolutionNode = FALSE
	EndGlobalSection
	GlobalSection(ExtensibilityGlobals) = postSolution
		SolutionGuid = {0C0EB953-69EC-48FE-B485-FEAE205EDCFD}
	EndGlobalSection
EndGlobal
